
Microsoft Visual Studio Solution File, Format Version 12.00
# Visual Studio 15
VisualStudioVersion = 15.0.28010.2016
MinimumVisualStudioVersion = 10.0.40219.1
Project("{FAE04EC0-301F-11D3-BF4B-00C04F79EFBC}") = "PropertyMeOAuthDemo", "PropertyMeOAuthDemo\PropertyMeOAuthDemo.csproj", "{463BBC0C-0925-48C5-A5ED-716640583A24}"
EndProject
Global
	GlobalSection(SolutionConfigurationPlatforms) = preSolution
		Debug|Any CPU = Debug|Any CPU
		Release|Any CPU = Release|Any CPU
	EndGlobalSection
	GlobalSection(ProjectConfigurationPlatforms) = postSolution
		{463BBC0C-0925-48C5-A5ED-716640583A24}.Debug|Any CPU.ActiveCfg = Debug|Any CPU
		{463BBC0C-0925-48C5-A5ED-716640583A24}.Debug|Any CPU.Build.0 = Debug|Any CPU
		{463BBC0C-0925-48C5-A5ED-716640583A24}.Release|Any CPU.ActiveCfg = Release|Any CPU
		{463BBC0C-0925-48C5-A5ED-716640583A24}.Release|Any CPU.Build.0 = Release|Any CPU
	EndGlobalSection
	GlobalSection(SolutionProperties) = preSolution
		HideSolutionNode = FALSE
	EndGlobalSection
	GlobalSection(ExtensibilityGlobals) = postSolution
		SolutionGuid = {3E51A0F6-6B69-413C-8CDA-A2E2C5A82E7A}
	EndGlobalSection
EndGlobal
